
Microsoft Visual Studio Solution File, Format Version 12.00
# Visual Studio Version 17
VisualStudioVersion = 17.0.31903.59
MinimumVisualStudioVersion = 10.0.40219.1
Project("{FAE04EC0-301F-11D3-BF4B-00C04F79EFBC}") = "LoginFacebook.UWP", "LoginFacebook\LoginFacebook.UWP\LoginFacebook.UWP.csproj", "{EB6B2546-71AE-4794-AC2C-E0016FBA71C0}"
EndProject
Project("{FAE04EC0-301F-11D3-BF4B-00C04F79EFBC}") = "LoginFacebook.Android", "LoginFacebook\LoginFacebook.Android\LoginFacebook.Android.csproj", "{20878197-BCF7-4D1C-954E-A901DBE1D13B}"
EndProject
Project("{FAE04EC0-301F-11D3-BF4B-00C04F79EFBC}") = "LoginFacebook.iOS", "LoginFacebook\LoginFacebook.iOS\LoginFacebook.iOS.csproj", "{2A0A0672-CB22-4944-B1C4-4E0E40CBF454}"
EndProject
Project("{FAE04EC0-301F-11D3-BF4B-00C04F79EFBC}") = "LoginFacebook", "LoginFacebook\LoginFacebook\LoginFacebook.csproj", "{B248BBD2-2140-4451-83A0-1FBB062C0E26}"
EndProject
Global
	GlobalSection(SolutionConfigurationPlatforms) = preSolution
		Debug|Any CPU = Debug|Any CPU
		Debug|ARM = Debug|ARM
		Debug|iPhone = Debug|iPhone
		Debug|iPhoneSimulator = Debug|iPhoneSimulator
		Debug|x64 = Debug|x64
		Debug|x86 = Debug|x86
		Release|Any CPU = Release|Any CPU
		Release|ARM = Release|ARM
		Release|iPhone = Release|iPhone
		Release|iPhoneSimulator = Release|iPhoneSimulator
		Release|x64 = Release|x64
		Release|x86 = Release|x86
	EndGlobalSection
	GlobalSection(ProjectConfigurationPlatforms) = postSolution
		{EB6B2546-71AE-4794-AC2C-E0016FBA71C0}.Debug|Any CPU.ActiveCfg = Debug|x64
		{EB6B2546-71AE-4794-AC2C-E0016FBA71C0}.Debug|Any CPU.Build.0 = Debug|x64
		{EB6B2546-71AE-4794-AC2C-E0016FBA71C0}.Debug|Any CPU.Deploy.0 = Debug|x64
		{EB6B2546-71AE-4794-AC2C-E0016FBA71C0}.Debug|ARM.ActiveCfg = Debug|ARM
		{EB6B2546-71AE-4794-AC2C-E0016FBA71C0}.Debug|ARM.Build.0 = Debug|ARM
		{EB6B2546-71AE-4794-AC2C-E0016FBA71C0}.Debug|ARM.Deploy.0 = Debug|ARM
		{EB6B2546-71AE-4794-AC2C-E0016FBA71C0}.Debug|iPhone.ActiveCfg = Debug|x64
		{EB6B2546-71AE-4794-AC2C-E0016FBA71C0}.Debug|iPhone.Build.0 = Debug|x64
		{EB6B2546-71AE-4794-AC2C-E0016FBA71C0}.Debug|iPhone.Deploy.0 = Debug|x64
		{EB6B2546-71AE-4794-AC2C-E0016FBA71C0}.Debug|iPhoneSimulator.ActiveCfg = Debug|x64
		{EB6B2546-71AE-4794-AC2C-E0016FBA71C0}.Debug|iPhoneSimulator.Build.0 = Debug|x64
		{EB6B2546-71AE-4794-AC2C-E0016FBA71C0}.Debug|iPhoneSimulator.Deploy.0 = Debug|x64
		{EB6B2546-71AE-4794-AC2C-E0016FBA71C0}.Debug|x64.ActiveCfg = Debug|x64
		{EB6B2546-71AE-4794-AC2C-E0016FBA71C0}.Debug|x64.Build.0 = Debug|x64
		{EB6B2546-71AE-4794-AC2C-E0016FBA71C0}.Debug|x64.Deploy.0 = Debug|x64
		{EB6B2546-71AE-4794-AC2C-E0016FBA71C0}.Debug|x86.ActiveCfg = Debug|x86
		{EB6B2546-71AE-4794-AC2C-E0016FBA71C0}.Debug|x86.Build.0 = Debug|x86
		{EB6B2546-71AE-4794-AC2C-E0016FBA71C0}.Debug|x86.Deploy.0 = Debug|x86
		{EB6B2546-71AE-4794-AC2C-E0016FBA71C0}.Release|Any CPU.ActiveCfg = Release|x64
		{EB6B2546-71AE-4794-AC2C-E0016FBA71C0}.Release|Any CPU.Build.0 = Release|x64
		{EB6B2546-71AE-4794-AC2C-E0016FBA71C0}.Release|Any CPU.Deploy.0 = Release|x64
		{EB6B2546-71AE-4794-AC2C-E0016FBA71C0}.Release|ARM.ActiveCfg = Release|ARM
		{EB6B2546-71AE-4794-AC2C-E0016FBA71C0}.Release|ARM.Build.0 = Release|ARM
		{EB6B2546-71AE-4794-AC2C-E0016FBA71C0}.Release|ARM.Deploy.0 = Release|ARM
		{EB6B2546-71AE-4794-AC2C-E0016FBA71C0}.Release|iPhone.ActiveCfg = Release|x64
		{EB6B2546-71AE-4794-AC2C-E0016FBA71C0}.Release|iPhone.Build.0 = Release|x64
		{EB6B2546-71AE-4794-AC2C-E0016FBA71C0}.Release|iPhone.Deploy.0 = Release|x64
		{EB6B2546-71AE-4794-AC2C-E0016FBA71C0}.Release|iPhoneSimulator.ActiveCfg = Release|x64
		{EB6B2546-71AE-4794-AC2C-E0016FBA71C0}.Release|iPhoneSimulator.Build.0 = Release|x64
		{EB6B2546-71AE-4794-AC2C-E0016FBA71C0}.Release|iPhoneSimulator.Deploy.0 = Release|x64
		{EB6B2546-71AE-4794-AC2C-E0016FBA71C0}.Release|x64.ActiveCfg = Release|x64
		{EB6B2546-71AE-4794-AC2C-E0016FBA71C0}.Release|x64.Build.0 = Release|x64
		{EB6B2546-71AE-4794-AC2C-E0016FBA71C0}.Release|x64.Deploy.0 = Release|x64
		{EB6B2546-71AE-4794-AC2C-E0016FBA71C0}.Release|x86.ActiveCfg = Release|x86
		{EB6B2546-71AE-4794-AC2C-E0016FBA71C0}.Release|x86.Build.0 = Release|x86
		{EB6B2546-71AE-4794-AC2C-E0016FBA71C0}.Release|x86.Deploy.0 = Release|x86
		{20878197-BCF7-4D1C-954E-A901DBE1D13B}.Debug|Any CPU.ActiveCfg = Debug|Any CPU
		{20878197-BCF7-4D1C-954E-A901DBE1D13B}.Debug|Any CPU.Build.0 = Debug|Any CPU
		{20878197-BCF7-4D1C-954E-A901DBE1D13B}.Debug|Any CPU.Deploy.0 = Debug|Any CPU
		{20878197-BCF7-4D1C-954E-A901DBE1D13B}.Debug|ARM.ActiveCfg = Debug|Any CPU
		{20878197-BCF7-4D1C-954E-A901DBE1D13B}.Debug|ARM.Build.0 = Debug|Any CPU
		{20878197-BCF7-4D1C-954E-A901DBE1D13B}.Debug|ARM.Deploy.0 = Debug|Any CPU
		{20878197-BCF7-4D1C-954E-A901DBE1D13B}.Debug|iPhone.ActiveCfg = Debug|Any CPU
		{20878197-BCF7-4D1C-954E-A901DBE1D13B}.Debug|iPhone.Build.0 = Debug|Any CPU
		{20878197-BCF7-4D1C-954E-A901DBE1D13B}.Debug|iPhone.Deploy.0 = Debug|Any CPU
		{20878197-BCF7-4D1C-954E-A901DBE1D13B}.Debug|iPhoneSimulator.ActiveCfg = Debug|Any CPU
		{20878197-BCF7-4D1C-954E-A901DBE1D13B}.Debug|iPhoneSimulator.Build.0 = Debug|Any CPU
		{20878197-BCF7-4D1C-954E-A901DBE1D13B}.Debug|iPhoneSimulator.Deploy.0 = Debug|Any CPU
		{20878197-BCF7-4D1C-954E-A901DBE1D13B}.Debug|x64.ActiveCfg = Debug|Any CPU
		{20878197-BCF7-4D1C-954E-A901DBE1D13B}.Debug|x64.Build.0 = Debug|Any CPU
		{20878197-BCF7-4D1C-954E-A901DBE1D13B}.Debug|x64.Deploy.0 = Debug|Any CPU
		{20878197-BCF7-4D1C-954E-A901DBE1D13B}.Debug|x86.ActiveCfg = Debug|Any CPU
		{20878197-BCF7-4D1C-954E-A901DBE1D13B}.Debug|x86.Build.0 = Debug|Any CPU
		{20878197-BCF7-4D1C-954E-A901DBE1D13B}.Debug|x86.Deploy.0 = Debug|Any CPU
		{20878197-BCF7-4D1C-954E-A901DBE1D13B}.Release|Any CPU.ActiveCfg = Release|Any CPU
		{20878197-BCF7-4D1C-954E-A901DBE1D13B}.Release|Any CPU.Build.0 = Release|Any CPU
		{20878197-BCF7-4D1C-954E-A901DBE1D13B}.Release|Any CPU.Deploy.0 = Release|Any CPU
		{20878197-BCF7-4D1C-954E-A901DBE1D13B}.Release|ARM.ActiveCfg = Release|Any CPU
		{20878197-BCF7-4D1C-954E-A901DBE1D13B}.Release|ARM.Build.0 = Release|Any CPU
		{20878197-BCF7-4D1C-954E-A901DBE1D13B}.Release|ARM.Deploy.0 = Release|Any CPU
		{20878197-BCF7-4D1C-954E-A901DBE1D13B}.Release|iPhone.ActiveCfg = Release|Any CPU
		{20878197-BCF7-4D1C-954E-A901DBE1D13B}.Release|iPhone.Build.0 = Release|Any CPU
		{20878197-BCF7-4D1C-954E-A901DBE1D13B}.Release|iPhone.Deploy.0 = Release|Any CPU
		{20878197-BCF7-4D1C-954E-A901DBE1D13B}.Release|iPhoneSimulator.ActiveCfg = Release|Any CPU
		{20878197-BCF7-4D1C-954E-A901DBE1D13B}.Release|iPhoneSimulator.Build.0 = Release|Any CPU
		{20878197-BCF7-4D1C-954E-A901DBE1D13B}.Release|iPhoneSimulator.Deploy.0 = Release|Any CPU
		{20878197-BCF7-4D1C-954E-A901DBE1D13B}.Release|x64.ActiveCfg = Release|Any CPU
		{20878197-BCF7-4D1C-954E-A901DBE1D13B}.Release|x64.Build.0 = Release|Any CPU
		{20878197-BCF7-4D1C-954E-A901DBE1D13B}.Release|x64.Deploy.0 = Release|Any CPU
		{20878197-BCF7-4D1C-954E-A901DBE1D13B}.Release|x86.ActiveCfg = Release|Any CPU
		{20878197-BCF7-4D1C-954E-A901DBE1D13B}.Release|x86.Build.0 = Release|Any CPU
		{20878197-BCF7-4D1C-954E-A901DBE1D13B}.Release|x86.Deploy.0 = Release|Any CPU
		{2A0A0672-CB22-4944-B1C4-4E0E40CBF454}.Debug|Any CPU.ActiveCfg = Debug|iPhoneSimulator
		{2A0A0672-CB22-4944-B1C4-4E0E40CBF454}.Debug|Any CPU.Build.0 = Debug|iPhoneSimulator
		{2A0A0672-CB22-4944-B1C4-4E0E40CBF454}.Debug|Any CPU.Deploy.0 = Debug|iPhoneSimulator
		{2A0A0672-CB22-4944-B1C4-4E0E40CBF454}.Debug|ARM.ActiveCfg = Debug|iPhoneSimulator
		{2A0A0672-CB22-4944-B1C4-4E0E40CBF454}.Debug|ARM.Build.0 = Debug|iPhoneSimulator
		{2A0A0672-CB22-4944-B1C4-4E0E40CBF454}.Debug|ARM.Deploy.0 = Debug|iPhoneSimulator
		{2A0A0672-CB22-4944-B1C4-4E0E40CBF454}.Debug|iPhone.ActiveCfg = Debug|iPhone
		{2A0A0672-CB22-4944-B1C4-4E0E40CBF454}.Debug|iPhone.Build.0 = Debug|iPhone
		{2A0A0672-CB22-4944-B1C4-4E0E40CBF454}.Debug|iPhone.Deploy.0 = Debug|iPhone
		{2A0A0672-CB22-4944-B1C4-4E0E40CBF454}.Debug|iPhoneSimulator.ActiveCfg = Debug|iPhoneSimulator
		{2A0A0672-CB22-4944-B1C4-4E0E40CBF454}.Debug|iPhoneSimulator.Build.0 = Debug|iPhoneSimulator
		{2A0A0672-CB22-4944-B1C4-4E0E40CBF454}.Debug|iPhoneSimulator.Deploy.0 = Debug|iPhoneSimulator
		{2A0A0672-CB22-4944-B1C4-4E0E40CBF454}.Debug|x64.ActiveCfg = Debug|iPhone
		{2A0A0672-CB22-4944-B1C4-4E0E40CBF454}.Debug|x64.Build.0 = Debug|iPhone
		{2A0A0672-CB22-4944-B1C4-4E0E40CBF454}.Debug|x64.Deploy.0 = Debug|iPhone
		{2A0A0672-CB22-4944-B1C4-4E0E40CBF454}.Debug|x86.ActiveCfg = Debug|iPhoneSimulator
		{2A0A0672-CB22-4944-B1C4-4E0E40CBF454}.Debug|x86.Build.0 = Debug|iPhoneSimulator
		{2A0A0672-CB22-4944-B1C4-4E0E40CBF454}.Debug|x86.Deploy.0 = Debug|iPhoneSimulator
		{2A0A0672-CB22-4944-B1C4-4E0E40CBF454}.Release|Any CPU.ActiveCfg = Release|iPhoneSimulator
		{2A0A0672-CB22-4944-B1C4-4E0E40CBF454}.Release|Any CPU.Build.0 = Release|iPhoneSimulator
		{2A0A0672-CB22-4944-B1C4-4E0E40CBF454}.Release|Any CPU.Deploy.0 = Release|iPhoneSimulator
		{2A0A0672-CB22-4944-B1C4-4E0E40CBF454}.Release|ARM.ActiveCfg = Release|iPhoneSimulator
		{2A0A0672-CB22-4944-B1C4-4E0E40CBF454}.Release|ARM.Build.0 = Release|iPhoneSimulator
		{2A0A0672-CB22-4944-B1C4-4E0E40CBF454}.Release|ARM.Deploy.0 = Release|iPhoneSimulator
		{2A0A0672-CB22-4944-B1C4-4E0E40CBF454}.Release|iPhone.ActiveCfg = Release|iPhone
		{2A0A0672-CB22-4944-B1C4-4E0E40CBF454}.Release|iPhone.Build.0 = Release|iPhone
		{2A0A0672-CB22-4944-B1C4-4E0E40CBF454}.Release|iPhone.Deploy.0 = Release|iPhone
		{2A0A0672-CB22-4944-B1C4-4E0E40CBF454}.Release|iPhoneSimulator.ActiveCfg = Release|iPhoneSimulator
		{2A0A0672-CB22-4944-B1C4-4E0E40CBF454}.Release|iPhoneSimulator.Build.0 = Release|iPhoneSimulator
		{2A0A0672-CB22-4944-B1C4-4E0E40CBF454}.Release|iPhoneSimulator.Deploy.0 = Release|iPhoneSimulator
		{2A0A0672-CB22-4944-B1C4-4E0E40CBF454}.Release|x64.ActiveCfg = Release|iPhoneSimulator
		{2A0A0672-CB22-4944-B1C4-4E0E40CBF454}.Release|x64.Build.0 = Release|iPhoneSimulator
		{2A0A0672-CB22-4944-B1C4-4E0E40CBF454}.Release|x64.Deploy.0 = Release|iPhoneSimulator
		{2A0A0672-CB22-4944-B1C4-4E0E40CBF454}.Release|x86.ActiveCfg = Release|iPhoneSimulator
		{2A0A0672-CB22-4944-B1C4-4E0E40CBF454}.Release|x86.Build.0 = Release|iPhoneSimulator
		{2A0A0672-CB22-4944-B1C4-4E0E40CBF454}.Release|x86.Deploy.0 = Release|iPhoneSimulator
		{B248BBD2-2140-4451-83A0-1FBB062C0E26}.Debug|Any CPU.ActiveCfg = Debug|Any CPU
		{B248BBD2-2140-4451-83A0-1FBB062C0E26}.Debug|Any CPU.Build.0 = Debug|Any CPU
		{B248BBD2-2140-4451-83A0-1FBB062C0E26}.Debug|Any CPU.Deploy.0 = Debug|Any CPU
		{B248BBD2-2140-4451-83A0-1FBB062C0E26}.Debug|ARM.ActiveCfg = Debug|Any CPU
		{B248BBD2-2140-4451-83A0-1FBB062C0E26}.Debug|ARM.Build.0 = Debug|Any CPU
		{B248BBD2-2140-4451-83A0-1FBB062C0E26}.Debug|ARM.Deploy.0 = Debug|Any CPU
		{B248BBD2-2140-4451-83A0-1FBB062C0E26}.Debug|iPhone.ActiveCfg = Debug|Any CPU
		{B248BBD2-2140-4451-83A0-1FBB062C0E26}.Debug|iPhone.Build.0 = Debug|Any CPU
		{B248BBD2-2140-4451-83A0-1FBB062C0E26}.Debug|iPhone.Deploy.0 = Debug|Any CPU
		{B248BBD2-2140-4451-83A0-1FBB062C0E26}.Debug|iPhoneSimulator.ActiveCfg = Debug|Any CPU
		{B248BBD2-2140-4451-83A0-1FBB062C0E26}.Debug|iPhoneSimulator.Build.0 = Debug|Any CPU
		{B248BBD2-2140-4451-83A0-1FBB062C0E26}.Debug|iPhoneSimulator.Deploy.0 = Debug|Any CPU
		{B248BBD2-2140-4451-83A0-1FBB062C0E26}.Debug|x64.ActiveCfg = Debug|Any CPU
		{B248BBD2-2140-4451-83A0-1FBB062C0E26}.Debug|x64.Build.0 = Debug|Any CPU
		{B248BBD2-2140-4451-83A0-1FBB062C0E26}.Debug|x64.Deploy.0 = Debug|Any CPU
		{B248BBD2-2140-4451-83A0-1FBB062C0E26}.Debug|x86.ActiveCfg = Debug|Any CPU
		{B248BBD2-2140-4451-83A0-1FBB062C0E26}.Debug|x86.Build.0 = Debug|Any CPU
		{B248BBD2-2140-4451-83A0-1FBB062C0E26}.Debug|x86.Deploy.0 = Debug|Any CPU
		{B248BBD2-2140-4451-83A0-1FBB062C0E26}.Release|Any CPU.ActiveCfg = Release|Any CPU
		{B248BBD2-2140-4451-83A0-1FBB062C0E26}.Release|Any CPU.Build.0 = Release|Any CPU
		{B248BBD2-2140-4451-83A0-1FBB062C0E26}.Release|Any CPU.Deploy.0 = Release|Any CPU
		{B248BBD2-2140-4451-83A0-1FBB062C0E26}.Release|ARM.ActiveCfg = Release|Any CPU
		{B248BBD2-2140-4451-83A0-1FBB062C0E26}.Release|ARM.Build.0 = Release|Any CPU
		{B248BBD2-2140-4451-83A0-1FBB062C0E26}.Release|ARM.Deploy.0 = Release|Any CPU
		{B248BBD2-2140-4451-83A0-1FBB062C0E26}.Release|iPhone.ActiveCfg = Release|Any CPU
		{B248BBD2-2140-4451-83A0-1FBB062C0E26}.Release|iPhone.Build.0 = Release|Any CPU
		{B248BBD2-2140-4451-83A0-1FBB062C0E26}.Release|iPhone.Deploy.0 = Release|Any CPU
		{B248BBD2-2140-4451-83A0-1FBB062C0E26}.Release|iPhoneSimulator.ActiveCfg = Release|Any CPU
		{B248BBD2-2140-4451-83A0-1FBB062C0E26}.Release|iPhoneSimulator.Build.0 = Release|Any CPU
		{B248BBD2-2140-4451-83A0-1FBB062C0E26}.Release|iPhoneSimulator.Deploy.0 = Release|Any CPU
		{B248BBD2-2140-4451-83A0-1FBB062C0E26}.Release|x64.ActiveCfg = Release|Any CPU
		{B248BBD2-2140-4451-83A0-1FBB062C0E26}.Release|x64.Build.0 = Release|Any CPU
		{B248BBD2-2140-4451-83A0-1FBB062C0E26}.Release|x64.Deploy.0 = Release|Any CPU
		{B248BBD2-2140-4451-83A0-1FBB062C0E26}.Release|x86.ActiveCfg = Release|Any CPU
		{B248BBD2-2140-4451-83A0-1FBB062C0E26}.Release|x86.Build.0 = Release|Any CPU
		{B248BBD2-2140-4451-83A0-1FBB062C0E26}.Release|x86.Deploy.0 = Release|Any CPU
	EndGlobalSection
	GlobalSection(SolutionProperties) = preSolution
		HideSolutionNode = FALSE
	EndGlobalSection
	GlobalSection(ExtensibilityGlobals) = postSolution
		SolutionGuid = {C86383C4-F0F2-486A-A59F-4B499496AA2F}
	EndGlobalSection
EndGlobal
